
Microsoft Visual Studio Solution File, Format Version 12.00
# Visual Studio 15
VisualStudioVersion = 15.0.28010.2016
MinimumVisualStudioVersion = 10.0.40219.1
Project("{FAE04EC0-301F-11D3-BF4B-00C04F79EFBC}") = "COMPE561 Lab01", "COMPE561 Lab01\COMPE561 Lab01.csproj", "{5A7AD9ED-6AB5-4686-9B24-CF7CC8E335C8}"
EndProject
Global
	GlobalSection(SolutionConfigurationPlatforms) = preSolution
		Debug|Any CPU = Debug|Any CPU
		Release|Any CPU = Release|Any CPU
	EndGlobalSection
	GlobalSection(ProjectConfigurationPlatforms) = postSolution
		{5A7AD9ED-6AB5-4686-9B24-CF7CC8E335C8}.Debug|Any CPU.ActiveCfg = Debug|Any CPU
		{5A7AD9ED-6AB5-4686-9B24-CF7CC8E335C8}.Debug|Any CPU.Build.0 = Debug|Any CPU
		{5A7AD9ED-6AB5-4686-9B24-CF7CC8E335C8}.Release|Any CPU.ActiveCfg = Release|Any CPU
		{5A7AD9ED-6AB5-4686-9B24-CF7CC8E335C8}.Release|Any CPU.Build.0 = Release|Any CPU
	EndGlobalSection
	GlobalSection(SolutionProperties) = preSolution
		HideSolutionNode = FALSE
	EndGlobalSection
	GlobalSection(ExtensibilityGlobals) = postSolution
		SolutionGuid = {4F58256A-C961-4BE0-9636-D7A11AF2CE39}
	EndGlobalSection
EndGlobal
